// !$*UTF8*$!
{
	archiveVersion = 1;
	classes = {
	};
	objectVersion = 55;
	objects = {

/* Begin PBXBuildFile section */
		02039CBB2A3DA012005A16D5 /* AppDelegate.swift in Sources */ = {isa = PBXBuildFile; fileRef = 02039CBA2A3DA012005A16D5 /* AppDelegate.swift */; };
		02039CBF2A3DA012005A16D5 /* ViewController.swift in Sources */ = {isa = PBXBuildFile; fileRef = 02039CBE2A3DA012005A16D5 /* ViewController.swift */; };
		02039CC22A3DA012005A16D5 /* Main.storyboard in Resources */ = {isa = PBXBuildFile; fileRef = 02039CC02A3DA012005A16D5 /* Main.storyboard */; };
		02039CC42A3DA013005A16D5 /* Assets.xcassets in Resources */ = {isa = PBXBuildFile; fileRef = 02039CC32A3DA013005A16D5 /* Assets.xcassets */; };
		02039CC72A3DA013005A16D5 /* LaunchScreen.storyboard in Resources */ = {isa = PBXBuildFile; fileRef = 02039CC52A3DA013005A16D5 /* LaunchScreen.storyboard */; };
		02039CCF2A3DA0AC005A16D5 /* InstagramGridLayout.swift in Sources */ = {isa = PBXBuildFile; fileRef = 02039CCE2A3DA0AC005A16D5 /* InstagramGridLayout.swift */; };
		02039CD72A3DAF4D005A16D5 /* ItemCell.swift in Sources */ = {isa = PBXBuildFile; fileRef = 02039CD52A3DAF4D005A16D5 /* ItemCell.swift */; };
		02039CD82A3DAF4D005A16D5 /* ItemCell.xib in Resources */ = {isa = PBXBuildFile; fileRef = 02039CD62A3DAF4D005A16D5 /* ItemCell.xib */; };
		02039CDA2A3DB759005A16D5 /* DataManager.swift in Sources */ = {isa = PBXBuildFile; fileRef = 02039CD92A3DB759005A16D5 /* DataManager.swift */; };
		02039CDC2A3DB7BC005A16D5 /* images.json in Resources */ = {isa = PBXBuildFile; fileRef = 02039CDB2A3DB7BC005A16D5 /* images.json */; };
		02039CDF2A3DB83F005A16D5 /* ImageModel.swift in Sources */ = {isa = PBXBuildFile; fileRef = 02039CDE2A3DB83F005A16D5 /* ImageModel.swift */; };
/* End PBXBuildFile section */

/* Begin PBXFileReference section */
		02039CB72A3DA012005A16D5 /* InstagramGridLayout.app */ = {isa = PBXFileReference; explicitFileType = wrapper.application; includeInIndex = 0; path = InstagramGridLayout.app; sourceTree = BUILT_PRODUCTS_DIR; };
		02039CBA2A3DA012005A16D5 /* AppDelegate.swift */ = {isa = PBXFileReference; lastKnownFileType = sourcecode.swift; path = AppDelegate.swift; sourceTree = "<group>"; };
		02039CBE2A3DA012005A16D5 /* ViewController.swift */ = {isa = PBXFileReference; lastKnownFileType = sourcecode.swift; path = ViewController.swift; sourceTree = "<group>"; };
		02039CC12A3DA012005A16D5 /* Base */ = {isa = PBXFileReference; lastKnownFileType = file.storyboard; name = Base; path = Base.lproj/Main.storyboard; sourceTree = "<group>"; };
		02039CC32A3DA013005A16D5 /* Assets.xcassets */ = {isa = PBXFileReference; lastKnownFileType = folder.assetcatalog; path = Assets.xcassets; sourceTree = "<group>"; };
		02039CC62A3DA013005A16D5 /* Base */ = {isa = PBXFileReference; lastKnownFileType = file.storyboard; name = Base; path = Base.lproj/LaunchScreen.storyboard; sourceTree = "<group>"; };
		02039CC82A3DA013005A16D5 /* Info.plist */ = {isa = PBXFileReference; lastKnownFileType = text.plist.xml; path = Info.plist; sourceTree = "<group>"; };
		02039CCE2A3DA0AC005A16D5 /* InstagramGridLayout.swift */ = {isa = PBXFileReference; lastKnownFileType = sourcecode.swift; path = InstagramGridLayout.swift; sourceTree = "<group>"; };
		02039CD52A3DAF4D005A16D5 /* ItemCell.swift */ = {isa = PBXFileReference; lastKnownFileType = sourcecode.swift; path = ItemCell.swift; sourceTree = "<group>"; };
		02039CD62A3DAF4D005A16D5 /* ItemCell.xib */ = {isa = PBXFileReference; lastKnownFileType = file.xib; path = ItemCell.xib; sourceTree = "<group>"; };
		02039CD92A3DB759005A16D5 /* DataManager.swift */ = {isa = PBXFileReference; lastKnownFileType = sourcecode.swift; path = DataManager.swift; sourceTree = "<group>"; };
		02039CDB2A3DB7BC005A16D5 /* images.json */ = {isa = PBXFileReference; fileEncoding = 4; lastKnownFileType = text.json; path = images.json; sourceTree = "<group>"; };
		02039CDE2A3DB83F005A16D5 /* ImageModel.swift */ = {isa = PBXFileReference; lastKnownFileType = sourcecode.swift; path = ImageModel.swift; sourceTree = "<group>"; };
/* End PBXFileReference section */

/* Begin PBXFrameworksBuildPhase section */
		02039CB42A3DA012005A16D5 /* Frameworks */ = {
			isa = PBXFrameworksBuildPhase;
			buildActionMask = 2147483647;
			files = (
			);
			runOnlyForDeploymentPostprocessing = 0;
		};
/* End PBXFrameworksBuildPhase section */

/* Begin PBXGroup section */
		02039CAE2A3DA012005A16D5 = {
			isa = PBXGroup;
			children = (
				02039CB92A3DA012005A16D5 /* InstagramGridLayout */,
				02039CB82A3DA012005A16D5 /* Products */,
			);
			sourceTree = "<group>";
		};
		02039CB82A3DA012005A16D5 /* Products */ = {
			isa = PBXGroup;
			children = (
				02039CB72A3DA012005A16D5 /* InstagramGridLayout.app */,
			);
			name = Products;
			sourceTree = "<group>";
		};
		02039CB92A3DA012005A16D5 /* InstagramGridLayout */ = {
			isa = PBXGroup;
			children = (
				02039CBA2A3DA012005A16D5 /* AppDelegate.swift */,
				02039CCE2A3DA0AC005A16D5 /* InstagramGridLayout.swift */,
				02039CBE2A3DA012005A16D5 /* ViewController.swift */,
				02039CC02A3DA012005A16D5 /* Main.storyboard */,
				02039CD02A3DAD37005A16D5 /* ItemCell */,
				02039CDD2A3DB7C7005A16D5 /* Model */,
				02039CC32A3DA013005A16D5 /* Assets.xcassets */,
				02039CC52A3DA013005A16D5 /* LaunchScreen.storyboard */,
				02039CC82A3DA013005A16D5 /* Info.plist */,
			);
			path = InstagramGridLayout;
			sourceTree = "<group>";
		};
		02039CD02A3DAD37005A16D5 /* ItemCell */ = {
			isa = PBXGroup;
			children = (
				02039CD52A3DAF4D005A16D5 /* ItemCell.swift */,
				02039CD62A3DAF4D005A16D5 /* ItemCell.xib */,
			);
			path = ItemCell;
			sourceTree = "<group>";
		};
		02039CDD2A3DB7C7005A16D5 /* Model */ = {
			isa = PBXGroup;
			children = (
				02039CD92A3DB759005A16D5 /* DataManager.swift */,
				02039CDE2A3DB83F005A16D5 /* ImageModel.swift */,
				02039CDB2A3DB7BC005A16D5 /* images.json */,
			);
			path = Model;
			sourceTree = "<group>";
		};
/* End PBXGroup section */

/* Begin PBXNativeTarget section */
		02039CB62A3DA012005A16D5 /* InstagramGridLayout */ = {
			isa = PBXNativeTarget;
			buildConfigurationList = 02039CCB2A3DA013005A16D5 /* Build configuration list for PBXNativeTarget "InstagramGridLayout" */;
			buildPhases = (
				02039CB32A3DA012005A16D5 /* Sources */,
				02039CB42A3DA012005A16D5 /* Frameworks */,
				02039CB52A3DA012005A16D5 /* Resources */,
			);
			buildRules = (
			);
			dependencies = (
			);
			name = InstagramGridLayout;
			productName = InstagramGridLayout;
			productReference = 02039CB72A3DA012005A16D5 /* InstagramGridLayout.app */;
			productType = "com.apple.product-type.application";
		};
/* End PBXNativeTarget section */

/* Begin PBXProject section */
		02039CAF2A3DA012005A16D5 /* Project object */ = {
			isa = PBXProject;
			attributes = {
				BuildIndependentTargetsInParallel = 1;
				LastSwiftUpdateCheck = 1400;
				LastUpgradeCheck = 1400;
				TargetAttributes = {
					02039CB62A3DA012005A16D5 = {
						CreatedOnToolsVersion = 14.0;
					};
				};
			};
			buildConfigurationList = 02039CB22A3DA012005A16D5 /* Build configuration list for PBXProject "InstagramGridLayout" */;
			compatibilityVersion = "Xcode 13.0";
			developmentRegion = en;
			hasScannedForEncodings = 0;
			knownRegions = (
				en,
				Base,
			);
			mainGroup = 02039CAE2A3DA012005A16D5;
			productRefGroup = 02039CB82A3DA012005A16D5 /* Products */;
			projectDirPath = "";
			projectRoot = "";
			targets = (
				02039CB62A3DA012005A16D5 /* InstagramGridLayout */,
			);
		};
/* End PBXProject section */

/* Begin PBXResourcesBuildPhase section */
		02039CB52A3DA012005A16D5 /* Resources */ = {
			isa = PBXResourcesBuildPhase;
			buildActionMask = 2147483647;
			files = (
				02039CD82A3DAF4D005A16D5 /* ItemCell.xib in Resources */,
				02039CC72A3DA013005A16D5 /* LaunchScreen.storyboard in Resources */,
				02039CDC2A3DB7BC005A16D5 /* images.json in Resources */,
				02039CC42A3DA013005A16D5 /* Assets.xcassets in Resources */,
				02039CC22A3DA012005A16D5 /* Main.storyboard in Resources */,
			);
			runOnlyForDeploymentPostprocessing = 0;
		};
/* End PBXResourcesBuildPhase section */

/* Begin PBXSourcesBuildPhase section */
		02039CB32A3DA012005A16D5 /* Sources */ = {
			isa = PBXSourcesBuildPhase;
			buildActionMask = 2147483647;
			files = (
				02039CDA2A3DB759005A16D5 /* DataManager.swift in Sources */,
				02039CDF2A3DB83F005A16D5 /* ImageModel.swift in Sources */,
				02039CD72A3DAF4D005A16D5 /* ItemCell.swift in Sources */,
				02039CCF2A3DA0AC005A16D5 /* InstagramGridLayout.swift in Sources */,
				02039CBF2A3DA012005A16D5 /* ViewController.swift in Sources */,
				02039CBB2A3DA012005A16D5 /* AppDelegate.swift in Sources */,
			);
			runOnlyForDeploymentPostprocessing = 0;
		};
/* End PBXSourcesBuildPhase section */

/* Begin PBXVariantGroup section */
		02039CC02A3DA012005A16D5 /* Main.storyboard */ = {
			isa = PBXVariantGroup;
			children = (
				02039CC12A3DA012005A16D5 /* Base */,
			);
			name = Main.storyboard;
			sourceTree = "<group>";
		};
		02039CC52A3DA013005A16D5 /* LaunchScreen.storyboard */ = {
			isa = PBXVariantGroup;
			children = (
				02039CC62A3DA013005A16D5 /* Base */,
			);
			name = LaunchScreen.storyboard;
			sourceTree = "<group>";
		};
/* End PBXVariantGroup section */

/* Begin XCBuildConfiguration section */
		02039CC92A3DA013005A16D5 /* Debug */ = {
			isa = XCBuildConfiguration;
			buildSettings = {
				ALWAYS_SEARCH_USER_PATHS = NO;
				CLANG_ANALYZER_NONNULL = YES;
				CLANG_ANALYZER_NUMBER_OBJECT_CONVERSION = YES_AGGRESSIVE;
				CLANG_CXX_LANGUAGE_STANDARD = "gnu++20";
				CLANG_ENABLE_MODULES = YES;
				CLANG_ENABLE_OBJC_ARC = YES;
				CLANG_ENABLE_OBJC_WEAK = YES;
				CLANG_WARN_BLOCK_CAPTURE_AUTORELEASING = YES;
				CLANG_WARN_BOOL_CONVERSION = YES;
				CLANG_WARN_COMMA = YES;
				CLANG_WARN_CONSTANT_CONVERSION = YES;
				CLANG_WARN_DEPRECATED_OBJC_IMPLEMENTATIONS = YES;
				CLANG_WARN_DIRECT_OBJC_ISA_USAGE = YES_ERROR;
				CLANG_WARN_DOCUMENTATION_COMMENTS = YES;
				CLANG_WARN_EMPTY_BODY = YES;
				CLANG_WARN_ENUM_CONVERSION = YES;
				CLANG_WARN_INFINITE_RECURSION = YES;
				CLANG_WARN_INT_CONVERSION = YES;
				CLANG_WARN_NON_LITERAL_NULL_CONVERSION = YES;
				CLANG_WARN_OBJC_IMPLICIT_RETAIN_SELF = YES;
				CLANG_WARN_OBJC_LITERAL_CONVERSION = YES;
				CLANG_WARN_OBJC_ROOT_CLASS = YES_ERROR;
				CLANG_WARN_QUOTED_INCLUDE_IN_FRAMEWORK_HEADER = YES;
				CLANG_WARN_RANGE_LOOP_ANALYSIS = YES;
				CLANG_WARN_STRICT_PROTOTYPES = YES;
				CLANG_WARN_SUSPICIOUS_MOVE = YES;
				CLANG_WARN_UNGUARDED_AVAILABILITY = YES_AGGRESSIVE;
				CLANG_WARN_UNREACHABLE_CODE = YES;
				CLANG_WARN__DUPLICATE_METHOD_MATCH = YES;
				COPY_PHASE_STRIP = NO;
				DEBUG_INFORMATION_FORMAT = dwarf;
				ENABLE_STRICT_OBJC_MSGSEND = YES;
				ENABLE_TESTABILITY = YES;
				GCC_C_LANGUAGE_STANDARD = gnu11;
				GCC_DYNAMIC_NO_PIC = NO;
				GCC_NO_COMMON_BLOCKS = YES;
				GCC_OPTIMIZATION_LEVEL = 0;
				GCC_PREPROCESSOR_DEFINITIONS = (
					"DEBUG=1",
					"$(inherited)",
				);
				GCC_WARN_64_TO_32_BIT_CONVERSION = YES;
				GCC_WARN_ABOUT_RETURN_TYPE = YES_ERROR;
				GCC_WARN_UNDECLARED_SELECTOR = YES;
				GCC_WARN_UNINITIALIZED_AUTOS = YES_AGGRESSIVE;
				GCC_WARN_UNUSED_FUNCTION = YES;
				GCC_WARN_UNUSED_VARIABLE = YES;
				IPHONEOS_DEPLOYMENT_TARGET = 11.0;
				MTL_ENABLE_DEBUG_INFO = INCLUDE_SOURCE;
				MTL_FAST_MATH = YES;
				ONLY_ACTIVE_ARCH = YES;
				SDKROOT = iphoneos;
				SWIFT_ACTIVE_COMPILATION_CONDITIONS = DEBUG;
				SWIFT_OPTIMIZATION_LEVEL = "-Onone";
			};
			name = Debug;
		};
		02039CCA2A3DA013005A16D5 /* Release */ = {
			isa = XCBuildConfiguration;
			buildSettings = {
				ALWAYS_SEARCH_USER_PATHS = NO;
				CLANG_ANALYZER_NONNULL = YES;
				CLANG_ANALYZER_NUMBER_OBJECT_CONVERSION = YES_AGGRESSIVE;
				CLANG_CXX_LANGUAGE_STANDARD = "gnu++20";
				CLANG_ENABLE_MODULES = YES;
				CLANG_ENABLE_OBJC_ARC = YES;
				CLANG_ENABLE_OBJC_WEAK = YES;
				CLANG_WARN_BLOCK_CAPTURE_AUTORELEASING = YES;
				CLANG_WARN_BOOL_CONVERSION = YES;
				CLANG_WARN_COMMA = YES;
				CLANG_WARN_CONSTANT_CONVERSION = YES;
				CLANG_WARN_DEPRECATED_OBJC_IMPLEMENTATIONS = YES;
				CLANG_WARN_DIRECT_OBJC_ISA_USAGE = YES_ERROR;
				CLANG_WARN_DOCUMENTATION_COMMENTS = YES;
				CLANG_WARN_EMPTY_BODY = YES;
				CLANG_WARN_ENUM_CONVERSION = YES;
				CLANG_WARN_INFINITE_RECURSION = YES;
				CLANG_WARN_INT_CONVERSION = YES;
				CLANG_WARN_NON_LITERAL_NULL_CONVERSION = YES;
				CLANG_WARN_OBJC_IMPLICIT_RETAIN_SELF = YES;
				CLANG_WARN_OBJC_LITERAL_CONVERSION = YES;
				CLANG_WARN_OBJC_ROOT_CLASS = YES_ERROR;
				CLANG_WARN_QUOTED_INCLUDE_IN_FRAMEWORK_HEADER = YES;
				CLANG_WARN_RANGE_LOOP_ANALYSIS = YES;
				CLANG_WARN_STRICT_PROTOTYPES = YES;
				CLANG_WARN_SUSPICIOUS_MOVE = YES;
				CLANG_WARN_UNGUARDED_AVAILABILITY = YES_AGGRESSIVE;
				CLANG_WARN_UNREACHABLE_CODE = YES;
				CLANG_WARN__DUPLICATE_METHOD_MATCH = YES;
				COPY_PHASE_STRIP = NO;
				DEBUG_INFORMATION_FORMAT = "dwarf-with-dsym";
				ENABLE_NS_ASSERTIONS = NO;
				ENABLE_STRICT_OBJC_MSGSEND = YES;
				GCC_C_LANGUAGE_STANDARD = gnu11;
				GCC_NO_COMMON_BLOCKS = YES;
				GCC_WARN_64_TO_32_BIT_CONVERSION = YES;
				GCC_WARN_ABOUT_RETURN_TYPE = YES_ERROR;
				GCC_WARN_UNDECLARED_SELECTOR = YES;
				GCC_WARN_UNINITIALIZED_AUTOS = YES_AGGRESSIVE;
				GCC_WARN_UNUSED_FUNCTION = YES;
				GCC_WARN_UNUSED_VARIABLE = YES;
				IPHONEOS_DEPLOYMENT_TARGET = 11.0;
				MTL_ENABLE_DEBUG_INFO = NO;
				MTL_FAST_MATH = YES;
				SDKROOT = iphoneos;
				SWIFT_COMPILATION_MODE = wholemodule;
				SWIFT_OPTIMIZATION_LEVEL = "-O";
				VALIDATE_PRODUCT = YES;
			};
			name = Release;
		};
		02039CCC2A3DA013005A16D5 /* Debug */ = {
			isa = XCBuildConfiguration;
			buildSettings = {
				ASSETCATALOG_COMPILER_APPICON_NAME = AppIcon;
				ASSETCATALOG_COMPILER_GLOBAL_ACCENT_COLOR_NAME = AccentColor;
				CODE_SIGN_STYLE = Automatic;
				CURRENT_PROJECT_VERSION = 1;
				GENERATE_INFOPLIST_FILE = YES;
				INFOPLIST_FILE = InstagramGridLayout/Info.plist;
				INFOPLIST_KEY_UIApplicationSupportsIndirectInputEvents = YES;
				INFOPLIST_KEY_UILaunchStoryboardName = LaunchScreen;
				INFOPLIST_KEY_UIMainStoryboardFile = Main;
				INFOPLIST_KEY_UISupportedInterfaceOrientations = UIInterfaceOrientationPortrait;
				INFOPLIST_KEY_UISupportedInterfaceOrientations_iPad = "UIInterfaceOrientationLandscapeLeft UIInterfaceOrientationLandscapeRight UIInterfaceOrientationPortrait UIInterfaceOrientationPortraitUpsideDown";
				IPHONEOS_DEPLOYMENT_TARGET = 11.0;
				LD_RUNPATH_SEARCH_PATHS = (
					"$(inherited)",
					"@executable_path/Frameworks",
				);
				MARKETING_VERSION = 1.0;
				PRODUCT_BUNDLE_IDENTIFIER = com.learnwithq.tutorial.InstagramGridLayout;
				PRODUCT_NAME = "$(TARGET_NAME)";
				SUPPORTED_PLATFORMS = "iphoneos iphonesimulator";
				SUPPORTS_MACCATALYST = NO;
				SUPPORTS_MAC_DESIGNED_FOR_IPHONE_IPAD = NO;
				SWIFT_EMIT_LOC_STRINGS = YES;
				SWIFT_VERSION = 5.0;
				TARGETED_DEVICE_FAMILY = 1;
			};
			name = Debug;
		};
		02039CCD2A3DA013005A16D5 /* Release */ = {
			isa = XCBuildConfiguration;
			buildSettings = {
				ASSETCATALOG_COMPILER_APPICON_NAME = AppIcon;
				ASSETCATALOG_COMPILER_GLOBAL_ACCENT_COLOR_NAME = AccentColor;
				CODE_SIGN_STYLE = Automatic;
				CURRENT_PROJECT_VERSION = 1;
				GENERATE_INFOPLIST_FILE = YES;
				INFOPLIST_FILE = InstagramGridLayout/Info.plist;
				INFOPLIST_KEY_UIApplicationSupportsIndirectInputEvents = YES;
				INFOPLIST_KEY_UILaunchStoryboardName = LaunchScreen;
				INFOPLIST_KEY_UIMainStoryboardFile = Main;
				INFOPLIST_KEY_UISupportedInterfaceOrientations = UIInterfaceOrientationPortrait;
				INFOPLIST_KEY_UISupportedInterfaceOrientations_iPad = "UIInterfaceOrientationLandscapeLeft UIInterfaceOrientationLandscapeRight UIInterfaceOrientationPortrait UIInterfaceOrientationPortraitUpsideDown";
				IPHONEOS_DEPLOYMENT_TARGET = 11.0;
				LD_RUNPATH_SEARCH_PATHS = (
					"$(inherited)",
					"@executable_path/Frameworks",
				);
				MARKETING_VERSION = 1.0;
				PRODUCT_BUNDLE_IDENTIFIER = com.learnwithq.tutorial.InstagramGridLayout;
				PRODUCT_NAME = "$(TARGET_NAME)";
				SUPPORTED_PLATFORMS = "iphoneos iphonesimulator";
				SUPPORTS_MACCATALYST = NO;
				SUPPORTS_MAC_DESIGNED_FOR_IPHONE_IPAD = NO;
				SWIFT_EMIT_LOC_STRINGS = YES;
				SWIFT_VERSION = 5.0;
				TARGETED_DEVICE_FAMILY = 1;
			};
			name = Release;
		};
/* End XCBuildConfiguration section */

/* Begin XCConfigurationList section */
		02039CB22A3DA012005A16D5 /* Build configuration list for PBXProject "InstagramGridLayout" */ = {
			isa = XCConfigurationList;
			buildConfigurations = (
				02039CC92A3DA013005A16D5 /* Debug */,
				02039CCA2A3DA013005A16D5 /* Release */,
			);
			defaultConfigurationIsVisible = 0;
			defaultConfigurationName = Release;
		};
		02039CCB2A3DA013005A16D5 /* Build configuration list for PBXNativeTarget "InstagramGridLayout" */ = {
			isa = XCConfigurationList;
			buildConfigurations = (
				02039CCC2A3DA013005A16D5 /* Debug */,
				02039CCD2A3DA013005A16D5 /* Release */,
			);
			defaultConfigurationIsVisible = 0;
			defaultConfigurationName = Release;
		};
/* End XCConfigurationList section */
	};
	rootObject = 02039CAF2A3DA012005A16D5 /* Project object */;
}
